[root]
name = "kalibrator"
version = "0.3.6"
dependencies = [
 "gdk 0.5.1 (git+https://github.com/gtk-rs/gdk.git)",
 "gio 0.1.1 (git+https://github.com/gtk-rs/gio.git)",
 "glib 0.1.1 (git+https://github.com/gtk-rs/glib.git)",
 "glib-sys 0.3.2 (git+https://github.com/gtk-rs/sys.git)",
 "gobject-sys 0.3.2 (git+https://github.com/gtk-rs/sys.git)",
 "gtk 0.1.1 (git+https://github.com/gtk-rs/gtk.git)",
 "gtk-sys 0.3.2 (git+https://github.com/gtk-rs/sys.git)",
 "libc 0.2.18 (registry+https://github.com/rust-lang/crates.io-index)",
 "libmodbus-rs 0.3.5 (git+https://github.com/zzeroo/libmodbus-rs.git)",
]

[[package]]
name = "atk-sys"
version = "0.3.2"
source = "git+https://github.com/gtk-rs/sys.git#351af46753ad71b2d7ca75a190846d86425691b3"
dependencies = [
 "bitflags 0.4.0 (registry+https://github.com/rust-lang/crates.io-index)",
 "glib-sys 0.3.2 (git+https://github.com/gtk-rs/sys.git)",
 "gobject-sys 0.3.2 (git+https://github.com/gtk-rs/sys.git)",
 "libc 0.2.18 (registry+https://github.com/rust-lang/crates.io-index)",
 "pkg-config 0.3.8 (registry+https://github.com/rust-lang/crates.io-index)",
]

[[package]]
name = "bitflags"
version = "0.1.1"
source = "registry+https://github.com/rust-lang/crates.io-index"

[[package]]
name = "bitflags"
version = "0.4.0"
source = "registry+https://github.com/rust-lang/crates.io-index"

[[package]]
name = "bitflags"
version = "0.5.0"
source = "registry+https://github.com/rust-lang/crates.io-index"

[[package]]
name = "c_vec"
version = "1.0.12"
source = "registry+https://github.com/rust-lang/crates.io-index"

[[package]]
name = "cairo-rs"
version = "0.1.1"
source = "git+https://github.com/gtk-rs/cairo#37392b30cdd87897532ac83364ae0513d719dd05"
dependencies = [
 "c_vec 1.0.12 (registry+https://github.com/rust-lang/crates.io-index)",
 "cairo-sys-rs 0.3.2 (git+https://github.com/gtk-rs/cairo)",
 "glib 0.1.1 (git+https://github.com/gtk-rs/glib.git)",
 "libc 0.2.18 (registry+https://github.com/rust-lang/crates.io-index)",
]

[[package]]
name = "cairo-sys-rs"
version = "0.3.2"
source = "git+https://github.com/gtk-rs/cairo#37392b30cdd87897532ac83364ae0513d719dd05"
dependencies = [
 "libc 0.2.18 (registry+https://github.com/rust-lang/crates.io-index)",
 "pkg-config 0.3.8 (registry+https://github.com/rust-lang/crates.io-index)",
]

[[package]]
name = "gcc"
version = "0.3.39"
source = "registry+https://github.com/rust-lang/crates.io-index"

[[package]]
name = "gdk"
version = "0.5.1"
source = "git+https://github.com/gtk-rs/gdk.git#0c52310eebc44b16ccfa4c5f16b054282ea4fde9"
dependencies = [
 "bitflags 0.5.0 (registry+https://github.com/rust-lang/crates.io-index)",
 "cairo-rs 0.1.1 (git+https://github.com/gtk-rs/cairo)",
 "gdk-pixbuf 0.1.1 (git+https://github.com/gtk-rs/gdk-pixbuf)",
 "gdk-sys 0.3.2 (git+https://github.com/gtk-rs/sys.git)",
 "gio 0.1.1 (git+https://github.com/gtk-rs/gio.git)",
 "glib 0.1.1 (git+https://github.com/gtk-rs/glib.git)",
 "glib-sys 0.3.2 (git+https://github.com/gtk-rs/sys.git)",
 "libc 0.2.18 (registry+https://github.com/rust-lang/crates.io-index)",
 "pango 0.1.1 (git+https://github.com/gtk-rs/pango)",
]

[[package]]
name = "gdk-pixbuf"
version = "0.1.1"
source = "git+https://github.com/gtk-rs/gdk-pixbuf#dd83c85c5d38842c470d6e4eeccae1e9b00d72c2"
dependencies = [
 "gdk-pixbuf-sys 0.3.2 (git+https://github.com/gtk-rs/sys.git)",
 "glib 0.1.1 (git+https://github.com/gtk-rs/glib.git)",
 "libc 0.2.18 (registry+https://github.com/rust-lang/crates.io-index)",
]

[[package]]
name = "gdk-pixbuf-sys"
version = "0.3.2"
source = "git+https://github.com/gtk-rs/sys.git#351af46753ad71b2d7ca75a190846d86425691b3"
dependencies = [
 "bitflags 0.4.0 (registry+https://github.com/rust-lang/crates.io-index)",
 "gio-sys 0.3.2 (git+https://github.com/gtk-rs/sys.git)",
 "glib-sys 0.3.2 (git+https://github.com/gtk-rs/sys.git)",
 "gobject-sys 0.3.2 (git+https://github.com/gtk-rs/sys.git)",
 "libc 0.2.18 (registry+https://github.com/rust-lang/crates.io-index)",
 "pkg-config 0.3.8 (registry+https://github.com/rust-lang/crates.io-index)",
]

[[package]]
name = "gdk-sys"
version = "0.3.2"
source = "git+https://github.com/gtk-rs/sys.git#351af46753ad71b2d7ca75a190846d86425691b3"
dependencies = [
 "bitflags 0.4.0 (registry+https://github.com/rust-lang/crates.io-index)",
 "cairo-sys-rs 0.3.2 (git+https://github.com/gtk-rs/cairo)",
 "gdk-pixbuf-sys 0.3.2 (git+https://github.com/gtk-rs/sys.git)",
 "gio-sys 0.3.2 (git+https://github.com/gtk-rs/sys.git)",
 "glib-sys 0.3.2 (git+https://github.com/gtk-rs/sys.git)",
 "gobject-sys 0.3.2 (git+https://github.com/gtk-rs/sys.git)",
 "libc 0.2.18 (registry+https://github.com/rust-lang/crates.io-index)",
 "pango-sys 0.3.2 (git+https://github.com/gtk-rs/sys.git)",
 "pkg-config 0.3.8 (registry+https://github.com/rust-lang/crates.io-index)",
]

[[package]]
name = "gio"
version = "0.1.1"
source = "git+https://github.com/gtk-rs/gio.git#2f9a161778f71e50828375429730bcf8ccd2e7cd"
dependencies = [
 "bitflags 0.5.0 (registry+https://github.com/rust-lang/crates.io-index)",
 "gio-sys 0.3.2 (git+https://github.com/gtk-rs/sys.git)",
 "glib 0.1.1 (git+https://github.com/gtk-rs/glib.git)",
 "glib-sys 0.3.2 (git+https://github.com/gtk-rs/sys.git)",
 "gobject-sys 0.3.2 (git+https://github.com/gtk-rs/sys.git)",
 "libc 0.2.18 (registry+https://github.com/rust-lang/crates.io-index)",
]

[[package]]
name = "gio-sys"
version = "0.3.2"
source = "git+https://github.com/gtk-rs/sys.git#351af46753ad71b2d7ca75a190846d86425691b3"
dependencies = [
 "bitflags 0.4.0 (registry+https://github.com/rust-lang/crates.io-index)",
 "glib-sys 0.3.2 (git+https://github.com/gtk-rs/sys.git)",
 "gobject-sys 0.3.2 (git+https://github.com/gtk-rs/sys.git)",
 "libc 0.2.18 (registry+https://github.com/rust-lang/crates.io-index)",
 "pkg-config 0.3.8 (registry+https://github.com/rust-lang/crates.io-index)",
]

[[package]]
name = "glib"
version = "0.1.1"
source = "git+https://github.com/gtk-rs/glib.git#91f2ceb47cdc2d3b209ce3b6c96e3de928223842"
dependencies = [
 "bitflags 0.5.0 (registry+https://github.com/rust-lang/crates.io-index)",
 "glib-sys 0.3.2 (git+https://github.com/gtk-rs/sys.git)",
 "gobject-sys 0.3.2 (git+https://github.com/gtk-rs/sys.git)",
 "libc 0.2.18 (registry+https://github.com/rust-lang/crates.io-index)",
]

[[package]]
name = "glib-sys"
version = "0.3.2"
source = "git+https://github.com/gtk-rs/sys.git#351af46753ad71b2d7ca75a190846d86425691b3"
dependencies = [
 "bitflags 0.4.0 (registry+https://github.com/rust-lang/crates.io-index)",
 "libc 0.2.18 (registry+https://github.com/rust-lang/crates.io-index)",
 "pkg-config 0.3.8 (registry+https://github.com/rust-lang/crates.io-index)",
]

[[package]]
name = "gobject-sys"
version = "0.3.2"
source = "git+https://github.com/gtk-rs/sys.git#351af46753ad71b2d7ca75a190846d86425691b3"
dependencies = [
 "bitflags 0.4.0 (registry+https://github.com/rust-lang/crates.io-index)",
 "glib-sys 0.3.2 (git+https://github.com/gtk-rs/sys.git)",
 "libc 0.2.18 (registry+https://github.com/rust-lang/crates.io-index)",
 "pkg-config 0.3.8 (registry+https://github.com/rust-lang/crates.io-index)",
]

[[package]]
name = "gtk"
version = "0.1.1"
source = "git+https://github.com/gtk-rs/gtk.git#49692d0ef8f727ef72b577c53c863e3568c6bd76"
dependencies = [
 "bitflags 0.5.0 (registry+https://github.com/rust-lang/crates.io-index)",
 "cairo-rs 0.1.1 (git+https://github.com/gtk-rs/cairo)",
 "cairo-sys-rs 0.3.2 (git+https://github.com/gtk-rs/cairo)",
 "gdk 0.5.1 (git+https://github.com/gtk-rs/gdk.git)",
 "gdk-pixbuf 0.1.1 (git+https://github.com/gtk-rs/gdk-pixbuf)",
 "gdk-pixbuf-sys 0.3.2 (git+https://github.com/gtk-rs/sys.git)",
 "gdk-sys 0.3.2 (git+https://github.com/gtk-rs/sys.git)",
 "gio 0.1.1 (git+https://github.com/gtk-rs/gio.git)",
 "gio-sys 0.3.2 (git+https://github.com/gtk-rs/sys.git)",
 "glib 0.1.1 (git+https://github.com/gtk-rs/glib.git)",
 "glib-sys 0.3.2 (git+https://github.com/gtk-rs/sys.git)",
 "gobject-sys 0.3.2 (git+https://github.com/gtk-rs/sys.git)",
 "gtk-sys 0.3.2 (git+https://github.com/gtk-rs/sys.git)",
 "libc 0.2.18 (registry+https://github.com/rust-lang/crates.io-index)",
 "pango 0.1.1 (git+https://github.com/gtk-rs/pango)",
]

[[package]]
name = "gtk-sys"
version = "0.3.2"
source = "git+https://github.com/gtk-rs/sys.git#351af46753ad71b2d7ca75a190846d86425691b3"
dependencies = [
 "atk-sys 0.3.2 (git+https://github.com/gtk-rs/sys.git)",
 "bitflags 0.4.0 (registry+https://github.com/rust-lang/crates.io-index)",
 "cairo-sys-rs 0.3.2 (git+https://github.com/gtk-rs/cairo)",
 "gdk-pixbuf-sys 0.3.2 (git+https://github.com/gtk-rs/sys.git)",
 "gdk-sys 0.3.2 (git+https://github.com/gtk-rs/sys.git)",
 "gio-sys 0.3.2 (git+https://github.com/gtk-rs/sys.git)",
 "glib-sys 0.3.2 (git+https://github.com/gtk-rs/sys.git)",
 "gobject-sys 0.3.2 (git+https://github.com/gtk-rs/sys.git)",
 "libc 0.2.18 (registry+https://github.com/rust-lang/crates.io-index)",
 "pango-sys 0.3.2 (git+https://github.com/gtk-rs/sys.git)",
 "pkg-config 0.3.8 (registry+https://github.com/rust-lang/crates.io-index)",
]

[[package]]
name = "libc"
version = "0.2.18"
source = "registry+https://github.com/rust-lang/crates.io-index"

[[package]]
name = "libmodbus-rs"
version = "0.3.5"
source = "git+https://github.com/zzeroo/libmodbus-rs.git#06858e4af3e0532913e439593e422a30dca80a4a"
dependencies = [
 "bitflags 0.1.1 (registry+https://github.com/rust-lang/crates.io-index)",
 "libc 0.2.18 (registry+https://github.com/rust-lang/crates.io-index)",
 "libmodbus-sys 0.2.1 (git+https://github.com/zzeroo/libmodbus-rs.git)",
]

[[package]]
name = "libmodbus-sys"
version = "0.2.1"
source = "git+https://github.com/zzeroo/libmodbus-rs.git#06858e4af3e0532913e439593e422a30dca80a4a"
dependencies = [
 "gcc 0.3.39 (registry+https://github.com/rust-lang/crates.io-index)",
 "libc 0.2.18 (registry+https://github.com/rust-lang/crates.io-index)",
 "pkg-config 0.3.8 (registry+https://github.com/rust-lang/crates.io-index)",
]

[[package]]
name = "pango"
version = "0.1.1"
source = "git+https://github.com/gtk-rs/pango#ccbab1392833dcd038f05715ec4d7173fe4289e6"
dependencies = [
 "glib 0.1.1 (git+https://github.com/gtk-rs/glib.git)",
 "libc 0.2.18 (registry+https://github.com/rust-lang/crates.io-index)",
 "pango-sys 0.3.2 (git+https://github.com/gtk-rs/sys.git)",
]

[[package]]
name = "pango-sys"
version = "0.3.2"
source = "git+https://github.com/gtk-rs/sys.git#351af46753ad71b2d7ca75a190846d86425691b3"
dependencies = [
 "bitflags 0.4.0 (registry+https://github.com/rust-lang/crates.io-index)",
 "glib-sys 0.3.2 (git+https://github.com/gtk-rs/sys.git)",
 "gobject-sys 0.3.2 (git+https://github.com/gtk-rs/sys.git)",
 "libc 0.2.18 (registry+https://github.com/rust-lang/crates.io-index)",
 "pkg-config 0.3.8 (registry+https://github.com/rust-lang/crates.io-index)",
]

[[package]]
name = "pkg-config"
version = "0.3.8"
source = "registry+https://github.com/rust-lang/crates.io-index"

[metadata]
"checksum atk-sys 0.3.2 (git+https://github.com/gtk-rs/sys.git)" = "<none>"
"checksum bitflags 0.1.1 (registry+https://github.com/rust-lang/crates.io-index)" = "2a6577517ecd0ee0934f48a7295a89aaef3e6dfafeac404f94c0b3448518ddfe"
"checksum bitflags 0.4.0 (registry+https://github.com/rust-lang/crates.io-index)" = "8dead7461c1127cf637931a1e50934eb6eee8bff2f74433ac7909e9afcee04a3"
"checksum bitflags 0.5.0 (registry+https://github.com/rust-lang/crates.io-index)" = "4f67931368edf3a9a51d29886d245f1c3db2f1ef0dcc9e35ff70341b78c10d23"
"checksum c_vec 1.0.12 (registry+https://github.com/rust-lang/crates.io-index)" = "aa9e1d9f7d49e289f36f19effbf3d5a5e30163ecf9c7a3c9be94d5374dec5b9a"
"checksum cairo-rs 0.1.1 (git+https://github.com/gtk-rs/cairo)" = "<none>"
"checksum cairo-sys-rs 0.3.2 (git+https://github.com/gtk-rs/cairo)" = "<none>"
"checksum gcc 0.3.39 (registry+https://github.com/rust-lang/crates.io-index)" = "771e4a97ff6f237cf0f7d5f5102f6e28bb9743814b6198d684da5c58b76c11e0"
"checksum gdk 0.5.1 (git+https://github.com/gtk-rs/gdk.git)" = "<none>"
"checksum gdk-pixbuf 0.1.1 (git+https://github.com/gtk-rs/gdk-pixbuf)" = "<none>"
"checksum gdk-pixbuf-sys 0.3.2 (git+https://github.com/gtk-rs/sys.git)" = "<none>"
"checksum gdk-sys 0.3.2 (git+https://github.com/gtk-rs/sys.git)" = "<none>"
"checksum gio 0.1.1 (git+https://github.com/gtk-rs/gio.git)" = "<none>"
"checksum gio-sys 0.3.2 (git+https://github.com/gtk-rs/sys.git)" = "<none>"
"checksum glib 0.1.1 (git+https://github.com/gtk-rs/glib.git)" = "<none>"
"checksum glib-sys 0.3.2 (git+https://github.com/gtk-rs/sys.git)" = "<none>"
"checksum gobject-sys 0.3.2 (git+https://github.com/gtk-rs/sys.git)" = "<none>"
"checksum gtk 0.1.1 (git+https://github.com/gtk-rs/gtk.git)" = "<none>"
"checksum gtk-sys 0.3.2 (git+https://github.com/gtk-rs/sys.git)" = "<none>"
"checksum libc 0.2.18 (registry+https://github.com/rust-lang/crates.io-index)" = "a51822fc847e7a8101514d1d44e354ba2ffa7d4c194dcab48870740e327cac70"
"checksum libmodbus-rs 0.3.5 (git+https://github.com/zzeroo/libmodbus-rs.git)" = "<none>"
"checksum libmodbus-sys 0.2.1 (git+https://github.com/zzeroo/libmodbus-rs.git)" = "<none>"
"checksum pango 0.1.1 (git+https://github.com/gtk-rs/pango)" = "<none>"
"checksum pango-sys 0.3.2 (git+https://github.com/gtk-rs/sys.git)" = "<none>"
"checksum pkg-config 0.3.8 (registry+https://github.com/rust-lang/crates.io-index)" = "8cee804ecc7eaf201a4a207241472cc870e825206f6c031e3ee2a72fa425f2fa"
